// !$*UTF8*$!
{
	archiveVersion = 1;
	classes = {
	};
	objectVersion = 77;
	objects = {

/* Begin PBXBuildFile section */
		0286400539FB965AAE5369EE /* backend.pb.swift in Sources */ = {isa = PBXBuildFile; fileRef = E9BA8A4E538A1B75C947572C /* backend.pb.swift */; };
		0408F11A44B18864B5448210 /* Assets.xcassets in Resources */ = {isa = PBXBuildFile; fileRef = 540AE2E2BEE510EA4E785B0F /* Assets.xcassets */; };
		07AFAD93BACF2CF777F0B383 /* collection.pb.swift in Sources */ = {isa = PBXBuildFile; fileRef = B8653DF280C7ECDCE21E8280 /* collection.pb.swift */; };
		09C55D4FCDC7ED88682FDFF6 /* ReviewView.swift in Sources */ = {isa = PBXBuildFile; fileRef = A74004647ED7E4726EDCBFC6 /* ReviewView.swift */; };
		32124D702644D8C984D7CE96 /* deck_config.pb.swift in Sources */ = {isa = PBXBuildFile; fileRef = C49C8459CD6FFFF15EFB34A9 /* deck_config.pb.swift */; };
		383C1FCD4BB2AD78E4DF657E /* speedrun.pb.swift in Sources */ = {isa = PBXBuildFile; fileRef = 6411D22FEA6D2BDA806BDA1D /* speedrun.pb.swift */; };
		3BF94A8A45C16C9232E39D71 /* SpeedrunWeb.swift in Sources */ = {isa = PBXBuildFile; fileRef = E4EA5067147DC25F5AAFC957 /* SpeedrunWeb.swift */; };
		3C59FE77E0FDEBD5E2BFCBBF /* optimal_approaches_generated.jsonl in Resources */ = {isa = PBXBuildFile; fileRef = 9189313E5EB9AE9020335660 /* optimal_approaches_generated.jsonl */; };
		44D0B6F84CEE5FCD78959611 /* 04_Atomic_Physics.apkg in Resources */ = {isa = PBXBuildFile; fileRef = 39D593BF6ED38C725329CA3B /* 04_Atomic_Physics.apkg */; };
		476015C1E4757C9E3A909B5D /* SpeedrunApp.swift in Sources */ = {isa = PBXBuildFile; fileRef = C0CD4FA934F1AEA465F11896 /* SpeedrunApp.swift */; };
		4EB6F91C9610351A47649842 /* 05_Thermodynamics_Statistical_Mechanics.apkg in Resources */ = {isa = PBXBuildFile; fileRef = 09427C715141E991F74A158C /* 05_Thermodynamics_Statistical_Mechanics.apkg */; };
		4EE8538046E2A811D92E1903 /* DeckListView.swift in Sources */ = {isa = PBXBuildFile; fileRef = 5AAED1622343D85FBD2C3B9A /* DeckListView.swift */; };
		517D6FD04F0873AC46CE6BB8 /* 09_Laboratory_Methods.apkg in Resources */ = {isa = PBXBuildFile; fileRef = 95655EE9CBCECBA81F2AED7B /* 09_Laboratory_Methods.apkg */; };
		52252E04A29D5810AB1853B9 /* card_rendering.pb.swift in Sources */ = {isa = PBXBuildFile; fileRef = 4A5DE14B9B5A7085B3A7E858 /* card_rendering.pb.swift */; };
		531B73A98A337D9B39069A4F /* HeuristicCoachTests.swift in Sources */ = {isa = PBXBuildFile; fileRef = 571071B14893E85951D5638D /* HeuristicCoachTests.swift */; };
		54B3802444CA22835C50DE2D /* Theme.swift in Sources */ = {isa = PBXBuildFile; fileRef = 98AFB59A100326E6B39FD07A /* Theme.swift */; };
		573CF4592B70CA1312729517 /* pgre_exam.anki2 in Resources */ = {isa = PBXBuildFile; fileRef = 020FBDD971592C305687982E /* pgre_exam.anki2 */; };
		5AC79BF826CD72334EBAE7CE /* 06_Optics_Waves.apkg in Resources */ = {isa = PBXBuildFile; fileRef = D534E77B30601DBA8DD4FA59 /* 06_Optics_Waves.apkg */; };
		5D7596D4CCA245BF19116C28 /* generic.pb.swift in Sources */ = {isa = PBXBuildFile; fileRef = C90650C1F2BF75D9A88495AF /* generic.pb.swift */; };
		5E7886897E8702FF085A396F /* MCQView.swift in Sources */ = {isa = PBXBuildFile; fileRef = 86636657DD3F0E7BFE1942E9 /* MCQView.swift */; };
		5EB88B5A9313C14ABAD639C2 /* CollectionStore.swift in Sources */ = {isa = PBXBuildFile; fileRef = 9C9DE2102D04AE7317EA295B /* CollectionStore.swift */; };
		64C9E3274BBDAD74E7B8BC37 /* mathjax in Resources */ = {isa = PBXBuildFile; fileRef = F0A2774A40B38D3738AE4F6A /* mathjax */; };
		6A3E7691DD27F5B4FECF0B28 /* HeuristicCoach.swift in Sources */ = {isa = PBXBuildFile; fileRef = C5BF004BA79CB1EC3E1BEA64 /* HeuristicCoach.swift */; };
		6BD4FF66F58860BC95EF1C43 /* pgre_mcq_generated.json in Resources */ = {isa = PBXBuildFile; fileRef = C88350B6293785CA3E1D2BA1 /* pgre_mcq_generated.json */; };
		70CE61277F9154AB7DAFD712 /* SwiftProtobuf in Frameworks */ = {isa = PBXBuildFile; productRef = 58F1D384620E30C99EF63CCD /* SwiftProtobuf */; };
		75D44CA7F1D1ABE2C9A08E23 /* notetypes.pb.swift in Sources */ = {isa = PBXBuildFile; fileRef = 3209D8DE6896FF4E7E8F092F /* notetypes.pb.swift */; };
		7A3D7BF9B460A1000803010B /* ReviewFlowUITests.swift in Sources */ = {isa = PBXBuildFile; fileRef = BA402D7CC58F59A635BDE545 /* ReviewFlowUITests.swift */; };
		7F16A8A50607A48DE707D6FF /* 02_Electromagnetism.apkg in Resources */ = {isa = PBXBuildFile; fileRef = 6D6B72218D3B4055E20459BB /* 02_Electromagnetism.apkg */; };
		85D38E7787A0B79AD3589E16 /* AnkiCore.xcframework in Frameworks */ = {isa = PBXBuildFile; fileRef = 130AD1BE49642DBFD31D1BF9 /* AnkiCore.xcframework */; };
		93DEB3D8EFEC8E48E4A354F2 /* pgre_mcq.json in Resources */ = {isa = PBXBuildFile; fileRef = 0DE319773B6C5E8D73B5F7F4 /* pgre_mcq.json */; };
		97B289CFB519FC020D895522 /* ScoresScreenUITests.swift in Sources */ = {isa = PBXBuildFile; fileRef = D2C7D5F9AF0D2C233C012ACA /* ScoresScreenUITests.swift */; };
		A4FDCB5F07C5432225BBC8B7 /* 03_Quantum_Mechanics.apkg in Resources */ = {isa = PBXBuildFile; fileRef = E63620C9B800E9AD1C059400 /* 03_Quantum_Mechanics.apkg */; };
		A93184C1F30C94CF5B68FD19 /* ReviewSession.swift in Sources */ = {isa = PBXBuildFile; fileRef = C1EA751BF434F430868895C9 /* ReviewSession.swift */; };
		B555B4995DCAD811AE73F0AE /* links.pb.swift in Sources */ = {isa = PBXBuildFile; fileRef = CEB8348F594655883C40C8A2 /* links.pb.swift */; };
		BB0CB510167F9E522F113594 /* 07_Specialized_Topics.apkg in Resources */ = {isa = PBXBuildFile; fileRef = 70C4FFC2565808B30B46A13D /* 07_Specialized_Topics.apkg */; };
		BD609AE82EB15AFD5DA5C180 /* 01_Classical_Mechanics.apkg in Resources */ = {isa = PBXBuildFile; fileRef = EC0449C9B59A15ED6DA653AB /* 01_Classical_Mechanics.apkg */; };
		BFB9749DC930E51780D9BCD7 /* cards.pb.swift in Sources */ = {isa = PBXBuildFile; fileRef = 0DCEA94F2B106B11504FF7EF /* cards.pb.swift */; };
		C387BF9CD5FD8C3128134E51 /* scheduler.pb.swift in Sources */ = {isa = PBXBuildFile; fileRef = AA6E5CD489172F24315E8EE4 /* scheduler.pb.swift */; };
		DBE68AC7120EC600CE3A5691 /* 08_Special_Relativity.apkg in Resources */ = {isa = PBXBuildFile; fileRef = 56C5B2A40545270F52DDEC0E /* 08_Special_Relativity.apkg */; };
		DCA78AC66E758F78160D3E3B /* config.pb.swift in Sources */ = {isa = PBXBuildFile; fileRef = 049367AB60DB28D49FFB9972 /* config.pb.swift */; };
		E67EFD020FCFD64D8596301A /* AnkiEngine.swift in Sources */ = {isa = PBXBuildFile; fileRef = 80C486204719B63819EA11F1 /* AnkiEngine.swift */; };
		EF0AB9233D06A85B66FAAF5A /* sync.pb.swift in Sources */ = {isa = PBXBuildFile; fileRef = 7F50E10B02EF0AAB7F5B2F2C /* sync.pb.swift */; };
		F0EE7349670BB8E16ECBD52D /* optimal_approaches.jsonl in Resources */ = {isa = PBXBuildFile; fileRef = A28BD943963B335C008AFDE6 /* optimal_approaches.jsonl */; };
		F178AAAB8E73940E1F9DB079 /* decks.pb.swift in Sources */ = {isa = PBXBuildFile; fileRef = 7AD631CE3CC106DE1019DE56 /* decks.pb.swift */; };
		FA738114A7073D37D0863709 /* MCQScreenUITests.swift in Sources */ = {isa = PBXBuildFile; fileRef = B56D509D5FC59879A5FD73B6 /* MCQScreenUITests.swift */; };
		FDE490AAA067077321DA676F /* notes.pb.swift in Sources */ = {isa = PBXBuildFile; fileRef = B4CD2AAF21AEFAE5F01CB46C /* notes.pb.swift */; };
		FDE8543DF4B099883AA097FA /* import_export.pb.swift in Sources */ = {isa = PBXBuildFile; fileRef = B58B3074E9BA304929F53676 /* import_export.pb.swift */; };
		FFEB0928D93A64E8B1049EC9 /* ScoresView.swift in Sources */ = {isa = PBXBuildFile; fileRef = 9ACB6387FE4EB53C0F59C6C4 /* ScoresView.swift */; };
/* End PBXBuildFile section */

/* Begin PBXContainerItemProxy section */
		3093BB4A43E6F2CE0C96A01E /* PBXContainerItemProxy */ = {
			isa = PBXContainerItemProxy;
			containerPortal = 4C763258D0C9C26DB054633B /* Project object */;
			proxyType = 1;
			remoteGlobalIDString = 2DBA01CB0B0BC524C20D8FAC;
			remoteInfo = SpeedrunApp;
		};
		CEF625C0C1FDE43B85062FF5 /* PBXContainerItemProxy */ = {
			isa = PBXContainerItemProxy;
			containerPortal = 4C763258D0C9C26DB054633B /* Project object */;
			proxyType = 1;
			remoteGlobalIDString = 2DBA01CB0B0BC524C20D8FAC;
			remoteInfo = SpeedrunApp;
		};
/* End PBXContainerItemProxy section */

/* Begin PBXFileReference section */
		020FBDD971592C305687982E /* pgre_exam.anki2 */ = {isa = PBXFileReference; path = pgre_exam.anki2; sourceTree = "<group>"; };
		049367AB60DB28D49FFB9972 /* config.pb.swift */ = {isa = PBXFileReference; lastKnownFileType = sourcecode.swift; path = config.pb.swift; sourceTree = "<group>"; };
		09427C715141E991F74A158C /* 05_Thermodynamics_Statistical_Mechanics.apkg */ = {isa = PBXFileReference; path = 05_Thermodynamics_Statistical_Mechanics.apkg; sourceTree = "<group>"; };
		0DCEA94F2B106B11504FF7EF /* cards.pb.swift */ = {isa = PBXFileReference; lastKnownFileType = sourcecode.swift; path = cards.pb.swift; sourceTree = "<group>"; };
		0DE319773B6C5E8D73B5F7F4 /* pgre_mcq.json */ = {isa = PBXFileReference; lastKnownFileType = text.json; path = pgre_mcq.json; sourceTree = "<group>"; };
		130AD1BE49642DBFD31D1BF9 /* AnkiCore.xcframework */ = {isa = PBXFileReference; lastKnownFileType = wrapper.xcframework; name = AnkiCore.xcframework; path = ../AnkiCore.xcframework; sourceTree = "<group>"; };
		3209D8DE6896FF4E7E8F092F /* notetypes.pb.swift */ = {isa = PBXFileReference; lastKnownFileType = sourcecode.swift; path = notetypes.pb.swift; sourceTree = "<group>"; };
		39D593BF6ED38C725329CA3B /* 04_Atomic_Physics.apkg */ = {isa = PBXFileReference; path = 04_Atomic_Physics.apkg; sourceTree = "<group>"; };
		3A2B0D33BE6B02E3FFA90D6F /* SpeedrunAppTests.xctest */ = {isa = PBXFileReference; includeInIndex = 0; lastKnownFileType = wrapper.cfbundle; path = SpeedrunAppTests.xctest; sourceTree = BUILT_PRODUCTS_DIR; };
		4A5DE14B9B5A7085B3A7E858 /* card_rendering.pb.swift */ = {isa = PBXFileReference; lastKnownFileType = sourcecode.swift; path = card_rendering.pb.swift; sourceTree = "<group>"; };
		540AE2E2BEE510EA4E785B0F /* Assets.xcassets */ = {isa = PBXFileReference; lastKnownFileType = folder.assetcatalog; path = Assets.xcassets; sourceTree = "<group>"; };
		56C5B2A40545270F52DDEC0E /* 08_Special_Relativity.apkg */ = {isa = PBXFileReference; path = 08_Special_Relativity.apkg; sourceTree = "<group>"; };
		571071B14893E85951D5638D /* HeuristicCoachTests.swift */ = {isa = PBXFileReference; lastKnownFileType = sourcecode.swift; path = HeuristicCoachTests.swift; sourceTree = "<group>"; };
		5AAED1622343D85FBD2C3B9A /* DeckListView.swift */ = {isa = PBXFileReference; lastKnownFileType = sourcecode.swift; path = DeckListView.swift; sourceTree = "<group>"; };
		6411D22FEA6D2BDA806BDA1D /* speedrun.pb.swift */ = {isa = PBXFileReference; lastKnownFileType = sourcecode.swift; path = speedrun.pb.swift; sourceTree = "<group>"; };
		6BFC572208F556E664456CA1 /* SpeedrunAppUITests.xctest */ = {isa = PBXFileReference; includeInIndex = 0; lastKnownFileType = wrapper.cfbundle; path = SpeedrunAppUITests.xctest; sourceTree = BUILT_PRODUCTS_DIR; };
		6D6B72218D3B4055E20459BB /* 02_Electromagnetism.apkg */ = {isa = PBXFileReference; path = 02_Electromagnetism.apkg; sourceTree = "<group>"; };
		70C4FFC2565808B30B46A13D /* 07_Specialized_Topics.apkg */ = {isa = PBXFileReference; path = 07_Specialized_Topics.apkg; sourceTree = "<group>"; };
		7570E523A7C2207946ABE743 /* SpeedrunApp.app */ = {isa = PBXFileReference; includeInIndex = 0; lastKnownFileType = wrapper.application; path = SpeedrunApp.app; sourceTree = BUILT_PRODUCTS_DIR; };
		7AD631CE3CC106DE1019DE56 /* decks.pb.swift */ = {isa = PBXFileReference; lastKnownFileType = sourcecode.swift; path = decks.pb.swift; sourceTree = "<group>"; };
		7F50E10B02EF0AAB7F5B2F2C /* sync.pb.swift */ = {isa = PBXFileReference; lastKnownFileType = sourcecode.swift; path = sync.pb.swift; sourceTree = "<group>"; };
		80C486204719B63819EA11F1 /* AnkiEngine.swift */ = {isa = PBXFileReference; lastKnownFileType = sourcecode.swift; path = AnkiEngine.swift; sourceTree = "<group>"; };
		86636657DD3F0E7BFE1942E9 /* MCQView.swift */ = {isa = PBXFileReference; lastKnownFileType = sourcecode.swift; path = MCQView.swift; sourceTree = "<group>"; };
		9189313E5EB9AE9020335660 /* optimal_approaches_generated.jsonl */ = {isa = PBXFileReference; path = optimal_approaches_generated.jsonl; sourceTree = "<group>"; };
		95655EE9CBCECBA81F2AED7B /* 09_Laboratory_Methods.apkg */ = {isa = PBXFileReference; path = 09_Laboratory_Methods.apkg; sourceTree = "<group>"; };
		98AFB59A100326E6B39FD07A /* Theme.swift */ = {isa = PBXFileReference; lastKnownFileType = sourcecode.swift; path = Theme.swift; sourceTree = "<group>"; };
		9ACB6387FE4EB53C0F59C6C4 /* ScoresView.swift */ = {isa = PBXFileReference; lastKnownFileType = sourcecode.swift; path = ScoresView.swift; sourceTree = "<group>"; };
		9C9DE2102D04AE7317EA295B /* CollectionStore.swift */ = {isa = PBXFileReference; lastKnownFileType = sourcecode.swift; path = CollectionStore.swift; sourceTree = "<group>"; };
		A28BD943963B335C008AFDE6 /* optimal_approaches.jsonl */ = {isa = PBXFileReference; path = optimal_approaches.jsonl; sourceTree = "<group>"; };
		A6F8071A76AF645A740687FB /* anki_ffi.h */ = {isa = PBXFileReference; lastKnownFileType = sourcecode.c.h; path = anki_ffi.h; sourceTree = "<group>"; };
		A74004647ED7E4726EDCBFC6 /* ReviewView.swift */ = {isa = PBXFileReference; lastKnownFileType = sourcecode.swift; path = ReviewView.swift; sourceTree = "<group>"; };
		AA6E5CD489172F24315E8EE4 /* scheduler.pb.swift */ = {isa = PBXFileReference; lastKnownFileType = sourcecode.swift; path = scheduler.pb.swift; sourceTree = "<group>"; };
		B4CD2AAF21AEFAE5F01CB46C /* notes.pb.swift */ = {isa = PBXFileReference; lastKnownFileType = sourcecode.swift; path = notes.pb.swift; sourceTree = "<group>"; };
		B56D509D5FC59879A5FD73B6 /* MCQScreenUITests.swift */ = {isa = PBXFileReference; lastKnownFileType = sourcecode.swift; path = MCQScreenUITests.swift; sourceTree = "<group>"; };
		B58B3074E9BA304929F53676 /* import_export.pb.swift */ = {isa = PBXFileReference; lastKnownFileType = sourcecode.swift; path = import_export.pb.swift; sourceTree = "<group>"; };
		B8653DF280C7ECDCE21E8280 /* collection.pb.swift */ = {isa = PBXFileReference; lastKnownFileType = sourcecode.swift; path = collection.pb.swift; sourceTree = "<group>"; };
		BA402D7CC58F59A635BDE545 /* ReviewFlowUITests.swift */ = {isa = PBXFileReference; lastKnownFileType = sourcecode.swift; path = ReviewFlowUITests.swift; sourceTree = "<group>"; };
		C02EB83E3E0BE41F30BEEE3D /* module.modulemap */ = {isa = PBXFileReference; lastKnownFileType = "sourcecode.module-map"; path = module.modulemap; sourceTree = "<group>"; };
		C0CD4FA934F1AEA465F11896 /* SpeedrunApp.swift */ = {isa = PBXFileReference; lastKnownFileType = sourcecode.swift; path = SpeedrunApp.swift; sourceTree = "<group>"; };
		C1EA751BF434F430868895C9 /* ReviewSession.swift */ = {isa = PBXFileReference; lastKnownFileType = sourcecode.swift; path = ReviewSession.swift; sourceTree = "<group>"; };
		C49C8459CD6FFFF15EFB34A9 /* deck_config.pb.swift */ = {isa = PBXFileReference; lastKnownFileType = sourcecode.swift; path = deck_config.pb.swift; sourceTree = "<group>"; };
		C5BF004BA79CB1EC3E1BEA64 /* HeuristicCoach.swift */ = {isa = PBXFileReference; lastKnownFileType = sourcecode.swift; path = HeuristicCoach.swift; sourceTree = "<group>"; };
		C88350B6293785CA3E1D2BA1 /* pgre_mcq_generated.json */ = {isa = PBXFileReference; lastKnownFileType = text.json; path = pgre_mcq_generated.json; sourceTree = "<group>"; };
		C90650C1F2BF75D9A88495AF /* generic.pb.swift */ = {isa = PBXFileReference; lastKnownFileType = sourcecode.swift; path = generic.pb.swift; sourceTree = "<group>"; };
		CEB8348F594655883C40C8A2 /* links.pb.swift */ = {isa = PBXFileReference; lastKnownFileType = sourcecode.swift; path = links.pb.swift; sourceTree = "<group>"; };
		D2C7D5F9AF0D2C233C012ACA /* ScoresScreenUITests.swift */ = {isa = PBXFileReference; lastKnownFileType = sourcecode.swift; path = ScoresScreenUITests.swift; sourceTree = "<group>"; };
		D534E77B30601DBA8DD4FA59 /* 06_Optics_Waves.apkg */ = {isa = PBXFileReference; path = 06_Optics_Waves.apkg; sourceTree = "<group>"; };
		E4EA5067147DC25F5AAFC957 /* SpeedrunWeb.swift */ = {isa = PBXFileReference; lastKnownFileType = sourcecode.swift; path = SpeedrunWeb.swift; sourceTree = "<group>"; };
		E63620C9B800E9AD1C059400 /* 03_Quantum_Mechanics.apkg */ = {isa = PBXFileReference; path = 03_Quantum_Mechanics.apkg; sourceTree = "<group>"; };
		E9BA8A4E538A1B75C947572C /* backend.pb.swift */ = {isa = PBXFileReference; lastKnownFileType = sourcecode.swift; path = backend.pb.swift; sourceTree = "<group>"; };
		EC0449C9B59A15ED6DA653AB /* 01_Classical_Mechanics.apkg */ = {isa = PBXFileReference; path = 01_Classical_Mechanics.apkg; sourceTree = "<group>"; };
		F0A2774A40B38D3738AE4F6A /* mathjax */ = {isa = PBXFileReference; lastKnownFileType = folder; name = mathjax; path = Resources/mathjax; sourceTree = SOURCE_ROOT; };
/* End PBXFileReference section */

/* Begin PBXFrameworksBuildPhase section */
		9DA55E4158B9406FDFAC2D77 /* Frameworks */ = {
			isa = PBXFrameworksBuildPhase;
			buildActionMask = 2147483647;
			files = (
				70CE61277F9154AB7DAFD712 /* SwiftProtobuf in Frameworks */,
				85D38E7787A0B79AD3589E16 /* AnkiCore.xcframework in Frameworks */,
			);
			runOnlyForDeploymentPostprocessing = 0;
		};
/* End PBXFrameworksBuildPhase section */

/* Begin PBXGroup section */
		198E1EAAFE0FF0D355BF0CBA /* CAnkiFFI */ = {
			isa = PBXGroup;
			children = (
				A6F8071A76AF645A740687FB /* anki_ffi.h */,
				C02EB83E3E0BE41F30BEEE3D /* module.modulemap */,
			);
			path = CAnkiFFI;
			sourceTree = "<group>";
		};
		2A823AC83A7C34C27A5EF257 /* Resources */ = {
			isa = PBXGroup;
			children = (
				540AE2E2BEE510EA4E785B0F /* Assets.xcassets */,
				F0A2774A40B38D3738AE4F6A /* mathjax */,
				9189313E5EB9AE9020335660 /* optimal_approaches_generated.jsonl */,
				A28BD943963B335C008AFDE6 /* optimal_approaches.jsonl */,
				020FBDD971592C305687982E /* pgre_exam.anki2 */,
				C88350B6293785CA3E1D2BA1 /* pgre_mcq_generated.json */,
				0DE319773B6C5E8D73B5F7F4 /* pgre_mcq.json */,
				5A36D18DE80B57CCC96A84D5 /* decks */,
			);
			path = Resources;
			sourceTree = "<group>";
		};
		3CDC86068BD00910C486E792 /* Frameworks */ = {
			isa = PBXGroup;
			children = (
				130AD1BE49642DBFD31D1BF9 /* AnkiCore.xcframework */,
			);
			name = Frameworks;
			sourceTree = "<group>";
		};
		5A36D18DE80B57CCC96A84D5 /* decks */ = {
			isa = PBXGroup;
			children = (
				EC0449C9B59A15ED6DA653AB /* 01_Classical_Mechanics.apkg */,
				6D6B72218D3B4055E20459BB /* 02_Electromagnetism.apkg */,
				E63620C9B800E9AD1C059400 /* 03_Quantum_Mechanics.apkg */,
				39D593BF6ED38C725329CA3B /* 04_Atomic_Physics.apkg */,
				09427C715141E991F74A158C /* 05_Thermodynamics_Statistical_Mechanics.apkg */,
				D534E77B30601DBA8DD4FA59 /* 06_Optics_Waves.apkg */,
				70C4FFC2565808B30B46A13D /* 07_Specialized_Topics.apkg */,
				56C5B2A40545270F52DDEC0E /* 08_Special_Relativity.apkg */,
				95655EE9CBCECBA81F2AED7B /* 09_Laboratory_Methods.apkg */,
			);
			path = decks;
			sourceTree = "<group>";
		};
		6C75FDB9D04728E7DC388745 /* UITests */ = {
			isa = PBXGroup;
			children = (
				B56D509D5FC59879A5FD73B6 /* MCQScreenUITests.swift */,
				BA402D7CC58F59A635BDE545 /* ReviewFlowUITests.swift */,
				D2C7D5F9AF0D2C233C012ACA /* ScoresScreenUITests.swift */,
			);
			path = UITests;
			sourceTree = "<group>";
		};
		75FEAE705B189A58348E16F6 /* Generated */ = {
			isa = PBXGroup;
			children = (
				D6C33A2A020785CF854E8828 /* anki */,
			);
			path = Generated;
			sourceTree = "<group>";
		};
		824678E60B79FDCC4870AB95 = {
			isa = PBXGroup;
			children = (
				198E1EAAFE0FF0D355BF0CBA /* CAnkiFFI */,
				75FEAE705B189A58348E16F6 /* Generated */,
				2A823AC83A7C34C27A5EF257 /* Resources */,
				C116B0E1B3145C8AD1EE7321 /* Sources */,
				FAA1D535B8FBE694E2E0CE20 /* Tests */,
				6C75FDB9D04728E7DC388745 /* UITests */,
				3CDC86068BD00910C486E792 /* Frameworks */,
				B429418B0E253670D69F5688 /* Products */,
			);
			sourceTree = "<group>";
		};
		B429418B0E253670D69F5688 /* Products */ = {
			isa = PBXGroup;
			children = (
				7570E523A7C2207946ABE743 /* SpeedrunApp.app */,
				3A2B0D33BE6B02E3FFA90D6F /* SpeedrunAppTests.xctest */,
				6BFC572208F556E664456CA1 /* SpeedrunAppUITests.xctest */,
			);
			name = Products;
			sourceTree = "<group>";
		};
		C116B0E1B3145C8AD1EE7321 /* Sources */ = {
			isa = PBXGroup;
			children = (
				80C486204719B63819EA11F1 /* AnkiEngine.swift */,
				9C9DE2102D04AE7317EA295B /* CollectionStore.swift */,
				5AAED1622343D85FBD2C3B9A /* DeckListView.swift */,
				C5BF004BA79CB1EC3E1BEA64 /* HeuristicCoach.swift */,
				86636657DD3F0E7BFE1942E9 /* MCQView.swift */,
				C1EA751BF434F430868895C9 /* ReviewSession.swift */,
				A74004647ED7E4726EDCBFC6 /* ReviewView.swift */,
				9ACB6387FE4EB53C0F59C6C4 /* ScoresView.swift */,
				C0CD4FA934F1AEA465F11896 /* SpeedrunApp.swift */,
				E4EA5067147DC25F5AAFC957 /* SpeedrunWeb.swift */,
				98AFB59A100326E6B39FD07A /* Theme.swift */,
			);
			path = Sources;
			sourceTree = "<group>";
		};
		D6C33A2A020785CF854E8828 /* anki */ = {
			isa = PBXGroup;
			children = (
				E9BA8A4E538A1B75C947572C /* backend.pb.swift */,
				4A5DE14B9B5A7085B3A7E858 /* card_rendering.pb.swift */,
				0DCEA94F2B106B11504FF7EF /* cards.pb.swift */,
				B8653DF280C7ECDCE21E8280 /* collection.pb.swift */,
				049367AB60DB28D49FFB9972 /* config.pb.swift */,
				C49C8459CD6FFFF15EFB34A9 /* deck_config.pb.swift */,
				7AD631CE3CC106DE1019DE56 /* decks.pb.swift */,
				C90650C1F2BF75D9A88495AF /* generic.pb.swift */,
				B58B3074E9BA304929F53676 /* import_export.pb.swift */,
				CEB8348F594655883C40C8A2 /* links.pb.swift */,
				B4CD2AAF21AEFAE5F01CB46C /* notes.pb.swift */,
				3209D8DE6896FF4E7E8F092F /* notetypes.pb.swift */,
				AA6E5CD489172F24315E8EE4 /* scheduler.pb.swift */,
				6411D22FEA6D2BDA806BDA1D /* speedrun.pb.swift */,
				7F50E10B02EF0AAB7F5B2F2C /* sync.pb.swift */,
			);
			path = anki;
			sourceTree = "<group>";
		};
		FAA1D535B8FBE694E2E0CE20 /* Tests */ = {
			isa = PBXGroup;
			children = (
				571071B14893E85951D5638D /* HeuristicCoachTests.swift */,
			);
			path = Tests;
			sourceTree = "<group>";
		};
/* End PBXGroup section */

/* Begin PBXNativeTarget section */
		2DBA01CB0B0BC524C20D8FAC /* SpeedrunApp */ = {
			isa = PBXNativeTarget;
			buildConfigurationList = 3FC6C5847AD41EB3385F55DE /* Build configuration list for PBXNativeTarget "SpeedrunApp" */;
			buildPhases = (
				DBDF21B1553860FE48848535 /* Sources */,
				1507B818C3CEEFB369B44D83 /* Resources */,
				9DA55E4158B9406FDFAC2D77 /* Frameworks */,
				E4229D6DE40D7F598C379E9E /* Bake OpenAI key */,
			);
			buildRules = (
			);
			dependencies = (
			);
			name = SpeedrunApp;
			packageProductDependencies = (
				58F1D384620E30C99EF63CCD /* SwiftProtobuf */,
			);
			productName = SpeedrunApp;
			productReference = 7570E523A7C2207946ABE743 /* SpeedrunApp.app */;
			productType = "com.apple.product-type.application";
		};
		73EF752400A9AD70343D3CE2 /* SpeedrunAppUITests */ = {
			isa = PBXNativeTarget;
			buildConfigurationList = 080110F2BF61D5C68CB3921C /* Build configuration list for PBXNativeTarget "SpeedrunAppUITests" */;
			buildPhases = (
				1A2DF6B033FB9EEA0C0B966A /* Sources */,
			);
			buildRules = (
			);
			dependencies = (
				6C2D0E5A0D493C6021F0B3EE /* PBXTargetDependency */,
			);
			name = SpeedrunAppUITests;
			packageProductDependencies = (
			);
			productName = SpeedrunAppUITests;
			productReference = 6BFC572208F556E664456CA1 /* SpeedrunAppUITests.xctest */;
			productType = "com.apple.product-type.bundle.ui-testing";
		};
		D5566AD8D7F791CF6ADE1558 /* SpeedrunAppTests */ = {
			isa = PBXNativeTarget;
			buildConfigurationList = B2B1FD871A6289096A0B6F26 /* Build configuration list for PBXNativeTarget "SpeedrunAppTests" */;
			buildPhases = (
				5B689C5C881516E328F11C3E /* Sources */,
			);
			buildRules = (
			);
			dependencies = (
				9F91055C49D7B927E6762046 /* PBXTargetDependency */,
			);
			name = SpeedrunAppTests;
			packageProductDependencies = (
			);
			productName = SpeedrunAppTests;
			productReference = 3A2B0D33BE6B02E3FFA90D6F /* SpeedrunAppTests.xctest */;
			productType = "com.apple.product-type.bundle.unit-test";
		};
/* End PBXNativeTarget section */

/* Begin PBXProject section */
		4C763258D0C9C26DB054633B /* Project object */ = {
			isa = PBXProject;
			attributes = {
				BuildIndependentTargetsInParallel = YES;
				LastUpgradeCheck = 1430;
				TargetAttributes = {
					73EF752400A9AD70343D3CE2 = {
						TestTargetID = 2DBA01CB0B0BC524C20D8FAC;
					};
				};
			};
			buildConfigurationList = 999C0E685190A30E296B8D57 /* Build configuration list for PBXProject "SpeedrunApp" */;
			developmentRegion = en;
			hasScannedForEncodings = 0;
			knownRegions = (
				Base,
				en,
			);
			mainGroup = 824678E60B79FDCC4870AB95;
			minimizedProjectReferenceProxies = 1;
			packageReferences = (
				3CBEF2DB00513E6188AAC830 /* XCRemoteSwiftPackageReference "swift-protobuf" */,
			);
			preferredProjectObjectVersion = 77;
			productRefGroup = B429418B0E253670D69F5688 /* Products */;
			projectDirPath = "";
			projectRoot = "";
			targets = (
				2DBA01CB0B0BC524C20D8FAC /* SpeedrunApp */,
				D5566AD8D7F791CF6ADE1558 /* SpeedrunAppTests */,
				73EF752400A9AD70343D3CE2 /* SpeedrunAppUITests */,
			);
		};
/* End PBXProject section */

/* Begin PBXResourcesBuildPhase section */
		1507B818C3CEEFB369B44D83 /* Resources */ = {
			isa = PBXResourcesBuildPhase;
			buildActionMask = 2147483647;
			files = (
				BD609AE82EB15AFD5DA5C180 /* 01_Classical_Mechanics.apkg in Resources */,
				7F16A8A50607A48DE707D6FF /* 02_Electromagnetism.apkg in Resources */,
				A4FDCB5F07C5432225BBC8B7 /* 03_Quantum_Mechanics.apkg in Resources */,
				44D0B6F84CEE5FCD78959611 /* 04_Atomic_Physics.apkg in Resources */,
				4EB6F91C9610351A47649842 /* 05_Thermodynamics_Statistical_Mechanics.apkg in Resources */,
				5AC79BF826CD72334EBAE7CE /* 06_Optics_Waves.apkg in Resources */,
				BB0CB510167F9E522F113594 /* 07_Specialized_Topics.apkg in Resources */,
				DBE68AC7120EC600CE3A5691 /* 08_Special_Relativity.apkg in Resources */,
				517D6FD04F0873AC46CE6BB8 /* 09_Laboratory_Methods.apkg in Resources */,
				0408F11A44B18864B5448210 /* Assets.xcassets in Resources */,
				64C9E3274BBDAD74E7B8BC37 /* mathjax in Resources */,
				F0EE7349670BB8E16ECBD52D /* optimal_approaches.jsonl in Resources */,
				3C59FE77E0FDEBD5E2BFCBBF /* optimal_approaches_generated.jsonl in Resources */,
				573CF4592B70CA1312729517 /* pgre_exam.anki2 in Resources */,
				93DEB3D8EFEC8E48E4A354F2 /* pgre_mcq.json in Resources */,
				6BD4FF66F58860BC95EF1C43 /* pgre_mcq_generated.json in Resources */,
			);
			runOnlyForDeploymentPostprocessing = 0;
		};
/* End PBXResourcesBuildPhase section */

/* Begin PBXShellScriptBuildPhase section */
		E4229D6DE40D7F598C379E9E /* Bake OpenAI key */ = {
			isa = PBXShellScriptBuildPhase;
			alwaysOutOfDate = 1;
			buildActionMask = 2147483647;
			files = (
			);
			inputFileListPaths = (
			);
			inputPaths = (
			);
			name = "Bake OpenAI key";
			outputFileListPaths = (
			);
			outputPaths = (
			);
			runOnlyForDeploymentPostprocessing = 0;
			shellPath = /bin/sh;
			shellScript = "printf '%s' \"${OPENAI_API_KEY:-}\" > \"${TARGET_BUILD_DIR}/${UNLOCALIZED_RESOURCES_FOLDER_PATH}/openai_key.txt\"\n";
		};
/* End PBXShellScriptBuildPhase section */

/* Begin PBXSourcesBuildPhase section */
		1A2DF6B033FB9EEA0C0B966A /* Sources */ = {
			isa = PBXSourcesBuildPhase;
			buildActionMask = 2147483647;
			files = (
				FA738114A7073D37D0863709 /* MCQScreenUITests.swift in Sources */,
				7A3D7BF9B460A1000803010B /* ReviewFlowUITests.swift in Sources */,
				97B289CFB519FC020D895522 /* ScoresScreenUITests.swift in Sources */,
			);
			runOnlyForDeploymentPostprocessing = 0;
		};
		5B689C5C881516E328F11C3E /* Sources */ = {
			isa = PBXSourcesBuildPhase;
			buildActionMask = 2147483647;
			files = (
				531B73A98A337D9B39069A4F /* HeuristicCoachTests.swift in Sources */,
			);
			runOnlyForDeploymentPostprocessing = 0;
		};
		DBDF21B1553860FE48848535 /* Sources */ = {
			isa = PBXSourcesBuildPhase;
			buildActionMask = 2147483647;
			files = (
				E67EFD020FCFD64D8596301A /* AnkiEngine.swift in Sources */,
				5EB88B5A9313C14ABAD639C2 /* CollectionStore.swift in Sources */,
				4EE8538046E2A811D92E1903 /* DeckListView.swift in Sources */,
				6A3E7691DD27F5B4FECF0B28 /* HeuristicCoach.swift in Sources */,
				5E7886897E8702FF085A396F /* MCQView.swift in Sources */,
				A93184C1F30C94CF5B68FD19 /* ReviewSession.swift in Sources */,
				09C55D4FCDC7ED88682FDFF6 /* ReviewView.swift in Sources */,
				FFEB0928D93A64E8B1049EC9 /* ScoresView.swift in Sources */,
				476015C1E4757C9E3A909B5D /* SpeedrunApp.swift in Sources */,
				3BF94A8A45C16C9232E39D71 /* SpeedrunWeb.swift in Sources */,
				54B3802444CA22835C50DE2D /* Theme.swift in Sources */,
				0286400539FB965AAE5369EE /* backend.pb.swift in Sources */,
				52252E04A29D5810AB1853B9 /* card_rendering.pb.swift in Sources */,
				BFB9749DC930E51780D9BCD7 /* cards.pb.swift in Sources */,
				07AFAD93BACF2CF777F0B383 /* collection.pb.swift in Sources */,
				DCA78AC66E758F78160D3E3B /* config.pb.swift in Sources */,
				32124D702644D8C984D7CE96 /* deck_config.pb.swift in Sources */,
				F178AAAB8E73940E1F9DB079 /* decks.pb.swift in Sources */,
				5D7596D4CCA245BF19116C28 /* generic.pb.swift in Sources */,
				FDE8543DF4B099883AA097FA /* import_export.pb.swift in Sources */,
				B555B4995DCAD811AE73F0AE /* links.pb.swift in Sources */,
				FDE490AAA067077321DA676F /* notes.pb.swift in Sources */,
				75D44CA7F1D1ABE2C9A08E23 /* notetypes.pb.swift in Sources */,
				C387BF9CD5FD8C3128134E51 /* scheduler.pb.swift in Sources */,
				383C1FCD4BB2AD78E4DF657E /* speedrun.pb.swift in Sources */,
				EF0AB9233D06A85B66FAAF5A /* sync.pb.swift in Sources */,
			);
			runOnlyForDeploymentPostprocessing = 0;
		};
/* End PBXSourcesBuildPhase section */

/* Begin PBXTargetDependency section */
		6C2D0E5A0D493C6021F0B3EE /* PBXTargetDependency */ = {
			isa = PBXTargetDependency;
			target = 2DBA01CB0B0BC524C20D8FAC /* SpeedrunApp */;
			targetProxy = 3093BB4A43E6F2CE0C96A01E /* PBXContainerItemProxy */;
		};
		9F91055C49D7B927E6762046 /* PBXTargetDependency */ = {
			isa = PBXTargetDependency;
			target = 2DBA01CB0B0BC524C20D8FAC /* SpeedrunApp */;
			targetProxy = CEF625C0C1FDE43B85062FF5 /* PBXContainerItemProxy */;
		};
/* End PBXTargetDependency section */

/* Begin XCBuildConfiguration section */
		0DE1CFF7AD7D898F09D0B9A5 /* Release */ = {
			isa = XCBuildConfiguration;
			buildSettings = {
				ALWAYS_SEARCH_USER_PATHS = NO;
				CLANG_ANALYZER_NONNULL = YES;
				CLANG_ANALYZER_NUMBER_OBJECT_CONVERSION = YES_AGGRESSIVE;
				CLANG_CXX_LANGUAGE_STANDARD = "gnu++14";
				CLANG_CXX_LIBRARY = "libc++";
				CLANG_ENABLE_MODULES = YES;
				CLANG_ENABLE_OBJC_ARC = YES;
				CLANG_ENABLE_OBJC_WEAK = YES;
				CLANG_WARN_BLOCK_CAPTURE_AUTORELEASING = YES;
				CLANG_WARN_BOOL_CONVERSION = YES;
				CLANG_WARN_COMMA = YES;
				CLANG_WARN_CONSTANT_CONVERSION = YES;
				CLANG_WARN_DEPRECATED_OBJC_IMPLEMENTATIONS = YES;
				CLANG_WARN_DIRECT_OBJC_ISA_USAGE = YES_ERROR;
				CLANG_WARN_DOCUMENTATION_COMMENTS = YES;
				CLANG_WARN_EMPTY_BODY = YES;
				CLANG_WARN_ENUM_CONVERSION = YES;
				CLANG_WARN_INFINITE_RECURSION = YES;
				CLANG_WARN_INT_CONVERSION = YES;
				CLANG_WARN_NON_LITERAL_NULL_CONVERSION = YES;
				CLANG_WARN_OBJC_IMPLICIT_RETAIN_SELF = YES;
				CLANG_WARN_OBJC_LITERAL_CONVERSION = YES;
				CLANG_WARN_OBJC_ROOT_CLASS = YES_ERROR;
				CLANG_WARN_QUOTED_INCLUDE_IN_FRAMEWORK_HEADER = YES;
				CLANG_WARN_RANGE_LOOP_ANALYSIS = YES;
				CLANG_WARN_STRICT_PROTOTYPES = YES;
				CLANG_WARN_SUSPICIOUS_MOVE = YES;
				CLANG_WARN_UNGUARDED_AVAILABILITY = YES_AGGRESSIVE;
				CLANG_WARN_UNREACHABLE_CODE = YES;
				CLANG_WARN__DUPLICATE_METHOD_MATCH = YES;
				COPY_PHASE_STRIP = NO;
				DEBUG_INFORMATION_FORMAT = "dwarf-with-dsym";
				ENABLE_NS_ASSERTIONS = NO;
				ENABLE_STRICT_OBJC_MSGSEND = YES;
				GCC_C_LANGUAGE_STANDARD = gnu11;
				GCC_NO_COMMON_BLOCKS = YES;
				GCC_WARN_64_TO_32_BIT_CONVERSION = YES;
				GCC_WARN_ABOUT_RETURN_TYPE = YES_ERROR;
				GCC_WARN_UNDECLARED_SELECTOR = YES;
				GCC_WARN_UNINITIALIZED_AUTOS = YES_AGGRESSIVE;
				GCC_WARN_UNUSED_FUNCTION = YES;
				GCC_WARN_UNUSED_VARIABLE = YES;
				IPHONEOS_DEPLOYMENT_TARGET = 15.0;
				MTL_ENABLE_DEBUG_INFO = NO;
				MTL_FAST_MATH = YES;
				PRODUCT_NAME = "$(TARGET_NAME)";
				SDKROOT = iphoneos;
				SWIFT_COMPILATION_MODE = wholemodule;
				SWIFT_OPTIMIZATION_LEVEL = "-O";
				SWIFT_VERSION = 5.0;
			};
			name = Release;
		};
		436B932645BB7B47FDE7E5DC /* Debug */ = {
			isa = XCBuildConfiguration;
			buildSettings = {
				ASSETCATALOG_COMPILER_APPICON_NAME = "";
				ASSETCATALOG_COMPILER_GLOBAL_ACCENT_COLOR_NAME = AccentColor;
				CODE_SIGNING_ALLOWED = NO;
				CODE_SIGN_IDENTITY = "iPhone Developer";
				CURRENT_PROJECT_VERSION = 1;
				"EXCLUDED_ARCHS[sdk=iphonesimulator*]" = x86_64;
				FRAMEWORK_SEARCH_PATHS = (
					"$(inherited)",
					"\"..\"",
				);
				GENERATE_INFOPLIST_FILE = YES;
				INFOPLIST_KEY_CFBundleDisplayName = Speedrun;
				INFOPLIST_KEY_UILaunchScreen_Generation = YES;
				IPHONEOS_DEPLOYMENT_TARGET = 15.0;
				LD_RUNPATH_SEARCH_PATHS = (
					"$(inherited)",
					"@executable_path/Frameworks",
				);
				MARKETING_VERSION = 0.1.0;
				OPENAI_API_KEY = "";
				OTHER_LDFLAGS = (
					"-lc++",
					"-lz",
				);
				PRODUCT_BUNDLE_IDENTIFIER = net.ankiweb.speedrun;
				SDKROOT = iphoneos;
				SUPPORTED_PLATFORMS = "iphoneos iphonesimulator";
				SWIFT_INCLUDE_PATHS = "$(SRCROOT)/CAnkiFFI";
				SWIFT_VERSION = 5.0;
				TARGETED_DEVICE_FAMILY = "1,2";
			};
			name = Debug;
		};
		4B5019F807733A03318A0A66 /* Release */ = {
			isa = XCBuildConfiguration;
			buildSettings = {
				BUNDLE_LOADER = "$(TEST_HOST)";
				CODE_SIGNING_ALLOWED = NO;
				GENERATE_INFOPLIST_FILE = YES;
				IPHONEOS_DEPLOYMENT_TARGET = 15.0;
				LD_RUNPATH_SEARCH_PATHS = (
					"$(inherited)",
					"@executable_path/Frameworks",
					"@loader_path/Frameworks",
				);
				PRODUCT_BUNDLE_IDENTIFIER = net.ankiweb.speedrun.uitests;
				SDKROOT = iphoneos;
				SWIFT_VERSION = 5.0;
				TARGETED_DEVICE_FAMILY = "1,2";
				TEST_TARGET_NAME = SpeedrunApp;
			};
			name = Release;
		};
		94079B89A27CF2168125E36E /* Release */ = {
			isa = XCBuildConfiguration;
			buildSettings = {
				BUNDLE_LOADER = "$(TEST_HOST)";
				CODE_SIGNING_ALLOWED = NO;
				"EXCLUDED_ARCHS[sdk=iphonesimulator*]" = x86_64;
				GENERATE_INFOPLIST_FILE = YES;
				IPHONEOS_DEPLOYMENT_TARGET = 15.0;
				LD_RUNPATH_SEARCH_PATHS = (
					"$(inherited)",
					"@executable_path/Frameworks",
					"@loader_path/Frameworks",
				);
				PRODUCT_BUNDLE_IDENTIFIER = net.ankiweb.speedrun.tests;
				SDKROOT = iphoneos;
				SWIFT_INCLUDE_PATHS = "$(SRCROOT)/CAnkiFFI";
				SWIFT_VERSION = 5.0;
				TARGETED_DEVICE_FAMILY = "1,2";
				TEST_HOST = "$(BUILT_PRODUCTS_DIR)/SpeedrunApp.app/SpeedrunApp";
			};
			name = Release;
		};
		97CF92C451CB451D38ECBB11 /* Release */ = {
			isa = XCBuildConfiguration;
			buildSettings = {
				ASSETCATALOG_COMPILER_APPICON_NAME = "";
				ASSETCATALOG_COMPILER_GLOBAL_ACCENT_COLOR_NAME = AccentColor;
				CODE_SIGNING_ALLOWED = NO;
				CODE_SIGN_IDENTITY = "iPhone Developer";
				CURRENT_PROJECT_VERSION = 1;
				"EXCLUDED_ARCHS[sdk=iphonesimulator*]" = x86_64;
				FRAMEWORK_SEARCH_PATHS = (
					"$(inherited)",
					"\"..\"",
				);
				GENERATE_INFOPLIST_FILE = YES;
				INFOPLIST_KEY_CFBundleDisplayName = Speedrun;
				INFOPLIST_KEY_UILaunchScreen_Generation = YES;
				IPHONEOS_DEPLOYMENT_TARGET = 15.0;
				LD_RUNPATH_SEARCH_PATHS = (
					"$(inherited)",
					"@executable_path/Frameworks",
				);
				MARKETING_VERSION = 0.1.0;
				OPENAI_API_KEY = "";
				OTHER_LDFLAGS = (
					"-lc++",
					"-lz",
				);
				PRODUCT_BUNDLE_IDENTIFIER = net.ankiweb.speedrun;
				SDKROOT = iphoneos;
				SUPPORTED_PLATFORMS = "iphoneos iphonesimulator";
				SWIFT_INCLUDE_PATHS = "$(SRCROOT)/CAnkiFFI";
				SWIFT_VERSION = 5.0;
				TARGETED_DEVICE_FAMILY = "1,2";
			};
			name = Release;
		};
		9BAC9F2FA6CD7E47917D3B47 /* Debug */ = {
			isa = XCBuildConfiguration;
			buildSettings = {
				BUNDLE_LOADER = "$(TEST_HOST)";
				CODE_SIGNING_ALLOWED = NO;
				GENERATE_INFOPLIST_FILE = YES;
				IPHONEOS_DEPLOYMENT_TARGET = 15.0;
				LD_RUNPATH_SEARCH_PATHS = (
					"$(inherited)",
					"@executable_path/Frameworks",
					"@loader_path/Frameworks",
				);
				PRODUCT_BUNDLE_IDENTIFIER = net.ankiweb.speedrun.uitests;
				SDKROOT = iphoneos;
				SWIFT_VERSION = 5.0;
				TARGETED_DEVICE_FAMILY = "1,2";
				TEST_TARGET_NAME = SpeedrunApp;
			};
			name = Debug;
		};
		BB7C6DD1B028AAFEC580B3C9 /* Debug */ = {
			isa = XCBuildConfiguration;
			buildSettings = {
				BUNDLE_LOADER = "$(TEST_HOST)";
				CODE_SIGNING_ALLOWED = NO;
				"EXCLUDED_ARCHS[sdk=iphonesimulator*]" = x86_64;
				GENERATE_INFOPLIST_FILE = YES;
				IPHONEOS_DEPLOYMENT_TARGET = 15.0;
				LD_RUNPATH_SEARCH_PATHS = (
					"$(inherited)",
					"@executable_path/Frameworks",
					"@loader_path/Frameworks",
				);
				PRODUCT_BUNDLE_IDENTIFIER = net.ankiweb.speedrun.tests;
				SDKROOT = iphoneos;
				SWIFT_INCLUDE_PATHS = "$(SRCROOT)/CAnkiFFI";
				SWIFT_VERSION = 5.0;
				TARGETED_DEVICE_FAMILY = "1,2";
				TEST_HOST = "$(BUILT_PRODUCTS_DIR)/SpeedrunApp.app/SpeedrunApp";
			};
			name = Debug;
		};
		CCBAE0FCA785B09E7D728144 /* Debug */ = {
			isa = XCBuildConfiguration;
			buildSettings = {
				ALWAYS_SEARCH_USER_PATHS = NO;
				CLANG_ANALYZER_NONNULL = YES;
				CLANG_ANALYZER_NUMBER_OBJECT_CONVERSION = YES_AGGRESSIVE;
				CLANG_CXX_LANGUAGE_STANDARD = "gnu++14";
				CLANG_CXX_LIBRARY = "libc++";
				CLANG_ENABLE_MODULES = YES;
				CLANG_ENABLE_OBJC_ARC = YES;
				CLANG_ENABLE_OBJC_WEAK = YES;
				CLANG_WARN_BLOCK_CAPTURE_AUTORELEASING = YES;
				CLANG_WARN_BOOL_CONVERSION = YES;
				CLANG_WARN_COMMA = YES;
				CLANG_WARN_CONSTANT_CONVERSION = YES;
				CLANG_WARN_DEPRECATED_OBJC_IMPLEMENTATIONS = YES;
				CLANG_WARN_DIRECT_OBJC_ISA_USAGE = YES_ERROR;
				CLANG_WARN_DOCUMENTATION_COMMENTS = YES;
				CLANG_WARN_EMPTY_BODY = YES;
				CLANG_WARN_ENUM_CONVERSION = YES;
				CLANG_WARN_INFINITE_RECURSION = YES;
				CLANG_WARN_INT_CONVERSION = YES;
				CLANG_WARN_NON_LITERAL_NULL_CONVERSION = YES;
				CLANG_WARN_OBJC_IMPLICIT_RETAIN_SELF = YES;
				CLANG_WARN_OBJC_LITERAL_CONVERSION = YES;
				CLANG_WARN_OBJC_ROOT_CLASS = YES_ERROR;
				CLANG_WARN_QUOTED_INCLUDE_IN_FRAMEWORK_HEADER = YES;
				CLANG_WARN_RANGE_LOOP_ANALYSIS = YES;
				CLANG_WARN_STRICT_PROTOTYPES = YES;
				CLANG_WARN_SUSPICIOUS_MOVE = YES;
				CLANG_WARN_UNGUARDED_AVAILABILITY = YES_AGGRESSIVE;
				CLANG_WARN_UNREACHABLE_CODE = YES;
				CLANG_WARN__DUPLICATE_METHOD_MATCH = YES;
				COPY_PHASE_STRIP = NO;
				DEBUG_INFORMATION_FORMAT = dwarf;
				ENABLE_STRICT_OBJC_MSGSEND = YES;
				ENABLE_TESTABILITY = YES;
				GCC_C_LANGUAGE_STANDARD = gnu11;
				GCC_DYNAMIC_NO_PIC = NO;
				GCC_NO_COMMON_BLOCKS = YES;
				GCC_OPTIMIZATION_LEVEL = 0;
				GCC_PREPROCESSOR_DEFINITIONS = (
					"$(inherited)",
					"DEBUG=1",
				);
				GCC_WARN_64_TO_32_BIT_CONVERSION = YES;
				GCC_WARN_ABOUT_RETURN_TYPE = YES_ERROR;
				GCC_WARN_UNDECLARED_SELECTOR = YES;
				GCC_WARN_UNINITIALIZED_AUTOS = YES_AGGRESSIVE;
				GCC_WARN_UNUSED_FUNCTION = YES;
				GCC_WARN_UNUSED_VARIABLE = YES;
				IPHONEOS_DEPLOYMENT_TARGET = 15.0;
				MTL_ENABLE_DEBUG_INFO = INCLUDE_SOURCE;
				MTL_FAST_MATH = YES;
				ONLY_ACTIVE_ARCH = YES;
				PRODUCT_NAME = "$(TARGET_NAME)";
				SDKROOT = iphoneos;
				SWIFT_ACTIVE_COMPILATION_CONDITIONS = DEBUG;
				SWIFT_OPTIMIZATION_LEVEL = "-Onone";
				SWIFT_VERSION = 5.0;
			};
			name = Debug;
		};
/* End XCBuildConfiguration section */

/* Begin XCConfigurationList section */
		080110F2BF61D5C68CB3921C /* Build configuration list for PBXNativeTarget "SpeedrunAppUITests" */ = {
			isa = XCConfigurationList;
			buildConfigurations = (
				9BAC9F2FA6CD7E47917D3B47 /* Debug */,
				4B5019F807733A03318A0A66 /* Release */,
			);
			defaultConfigurationIsVisible = 0;
			defaultConfigurationName = Debug;
		};
		3FC6C5847AD41EB3385F55DE /* Build configuration list for PBXNativeTarget "SpeedrunApp" */ = {
			isa = XCConfigurationList;
			buildConfigurations = (
				436B932645BB7B47FDE7E5DC /* Debug */,
				97CF92C451CB451D38ECBB11 /* Release */,
			);
			defaultConfigurationIsVisible = 0;
			defaultConfigurationName = Debug;
		};
		999C0E685190A30E296B8D57 /* Build configuration list for PBXProject "SpeedrunApp" */ = {
			isa = XCConfigurationList;
			buildConfigurations = (
				CCBAE0FCA785B09E7D728144 /* Debug */,
				0DE1CFF7AD7D898F09D0B9A5 /* Release */,
			);
			defaultConfigurationIsVisible = 0;
			defaultConfigurationName = Debug;
		};
		B2B1FD871A6289096A0B6F26 /* Build configuration list for PBXNativeTarget "SpeedrunAppTests" */ = {
			isa = XCConfigurationList;
			buildConfigurations = (
				BB7C6DD1B028AAFEC580B3C9 /* Debug */,
				94079B89A27CF2168125E36E /* Release */,
			);
			defaultConfigurationIsVisible = 0;
			defaultConfigurationName = Debug;
		};
/* End XCConfigurationList section */

/* Begin XCRemoteSwiftPackageReference section */
		3CBEF2DB00513E6188AAC830 /* XCRemoteSwiftPackageReference "swift-protobuf" */ = {
			isa = XCRemoteSwiftPackageReference;
			repositoryURL = "https://github.com/apple/swift-protobuf.git";
			requirement = {
				kind = upToNextMajorVersion;
				minimumVersion = 1.28.0;
			};
		};
/* End XCRemoteSwiftPackageReference section */

/* Begin XCSwiftPackageProductDependency section */
		58F1D384620E30C99EF63CCD /* SwiftProtobuf */ = {
			isa = XCSwiftPackageProductDependency;
			package = 3CBEF2DB00513E6188AAC830 /* XCRemoteSwiftPackageReference "swift-protobuf" */;
			productName = SwiftProtobuf;
		};
/* End XCSwiftPackageProductDependency section */
	};
	rootObject = 4C763258D0C9C26DB054633B /* Project object */;
}
